
Microsoft Visual Studio Solution File, Format Version 12.00
# Visual Studio Version 17
VisualStudioVersion = 17.13.35825.156 d17.13
MinimumVisualStudioVersion = 10.0.40219.1
Project("{FAE04EC0-301F-11D3-BF4B-00C04F79EFBC}") = "WpfApp1", "WpfApp1\WpfApp1.csproj", "{1367FD40-0FE4-422C-B5E1-A2FD336F6939}"
EndProject
Global
	GlobalSection(SolutionConfigurationPlatforms) = preSolution
		Debug|Any CPU = Debug|Any CPU
		Release|Any CPU = Release|Any CPU
	EndGlobalSection
	GlobalSection(ProjectConfigurationPlatforms) = postSolution
		{1367FD40-0FE4-422C-B5E1-A2FD336F6939}.Debug|Any CPU.ActiveCfg = Debug|Any CPU
		{1367FD40-0FE4-422C-B5E1-A2FD336F6939}.Debug|Any CPU.Build.0 = Debug|Any CPU
		{1367FD40-0FE4-422C-B5E1-A2FD336F6939}.Release|Any CPU.ActiveCfg = Release|Any CPU
		{1367FD40-0FE4-422C-B5E1-A2FD336F6939}.Release|Any CPU.Build.0 = Release|Any CPU
	EndGlobalSection
	GlobalSection(SolutionProperties) = preSolution
		HideSolutionNode = FALSE
	EndGlobalSection
	GlobalSection(ExtensibilityGlobals) = postSolution
		SolutionGuid = {7BF3A469-D49E-424C-86E8-A287C594BCB8}
	EndGlobalSection
EndGlobal
